// !$*UTF8*$!
{
	archiveVersion = 1;
	classes = {
	};
	objectVersion = 56;
	objects = {

/* Begin PBXBuildFile section */
		1871A35B28D94CBD00543C06 /* ExpenseeTrackingAppApp.swift in Sources */ = {isa = PBXBuildFile; fileRef = 1871A35A28D94CBD00543C06 /* ExpenseeTrackingAppApp.swift */; };
		1871A35D28D94CBD00543C06 /* ContentView.swift in Sources */ = {isa = PBXBuildFile; fileRef = 1871A35C28D94CBD00543C06 /* ContentView.swift */; };
		1871A35F28D94CC200543C06 /* Assets.xcassets in Resources */ = {isa = PBXBuildFile; fileRef = 1871A35E28D94CC200543C06 /* Assets.xcassets */; };
		1871A36228D94CC200543C06 /* Preview Assets.xcassets in Resources */ = {isa = PBXBuildFile; fileRef = 1871A36128D94CC200543C06 /* Preview Assets.xcassets */; };
		1871A36928D9532B00543C06 /* TransactionModel.swift in Sources */ = {isa = PBXBuildFile; fileRef = 1871A36828D9532B00543C06 /* TransactionModel.swift */; };
		1871A36B28D953E300543C06 /* TransactionPreviewData.swift in Sources */ = {isa = PBXBuildFile; fileRef = 1871A36A28D953E300543C06 /* TransactionPreviewData.swift */; };
		1871A36F28D9546800543C06 /* TransactionRow.swift in Sources */ = {isa = PBXBuildFile; fileRef = 1871A36E28D9546800543C06 /* TransactionRow.swift */; };
		1871A37128D9565C00543C06 /* Extensions.swift in Sources */ = {isa = PBXBuildFile; fileRef = 1871A37028D9565C00543C06 /* Extensions.swift */; };
		1871A37428D95A3400543C06 /* SwiftUIFontIcon in Frameworks */ = {isa = PBXBuildFile; productRef = 1871A37328D95A3400543C06 /* SwiftUIFontIcon */; };
		1871A37728D960E300543C06 /* SwiftUICharts in Frameworks */ = {isa = PBXBuildFile; productRef = 1871A37628D960E300543C06 /* SwiftUICharts */; };
		1882F69228D992680057A26A /* TransactionViewModel.swift in Sources */ = {isa = PBXBuildFile; fileRef = 1882F69128D992680057A26A /* TransactionViewModel.swift */; };
		1882F69428D998AD0057A26A /* bar.swift in Sources */ = {isa = PBXBuildFile; fileRef = 1882F69328D998AD0057A26A /* bar.swift */; };
		1882F69628D9ED540057A26A /* TransactionList.swift in Sources */ = {isa = PBXBuildFile; fileRef = 1882F69528D9ED540057A26A /* TransactionList.swift */; };
		1882F69928D9F2840057A26A /* Collections in Frameworks */ = {isa = PBXBuildFile; productRef = 1882F69828D9F2840057A26A /* Collections */; };
		1882F69B28DA00990057A26A /* BarChartView.swift in Sources */ = {isa = PBXBuildFile; fileRef = 1882F69A28DA00990057A26A /* BarChartView.swift */; };
		1887D66228DB5926001E5E5A /* TransactionDetailRow.swift in Sources */ = {isa = PBXBuildFile; fileRef = 1887D66128DB5926001E5E5A /* TransactionDetailRow.swift */; };
		1887D66428DB5A90001E5E5A /* TransactionView.swift in Sources */ = {isa = PBXBuildFile; fileRef = 1887D66328DB5A90001E5E5A /* TransactionView.swift */; };
/* End PBXBuildFile section */

/* Begin PBXFileReference section */
		1871A35728D94CBD00543C06 /* ExpenseeTrackingApp.app */ = {isa = PBXFileReference; explicitFileType = wrapper.application; includeInIndex = 0; path = ExpenseeTrackingApp.app; sourceTree = BUILT_PRODUCTS_DIR; };
		1871A35A28D94CBD00543C06 /* ExpenseeTrackingAppApp.swift */ = {isa = PBXFileReference; lastKnownFileType = sourcecode.swift; path = ExpenseeTrackingAppApp.swift; sourceTree = "<group>"; };
		1871A35C28D94CBD00543C06 /* ContentView.swift */ = {isa = PBXFileReference; lastKnownFileType = sourcecode.swift; path = ContentView.swift; sourceTree = "<group>"; };
		1871A35E28D94CC200543C06 /* Assets.xcassets */ = {isa = PBXFileReference; lastKnownFileType = folder.assetcatalog; path = Assets.xcassets; sourceTree = "<group>"; };
		1871A36128D94CC200543C06 /* Preview Assets.xcassets */ = {isa = PBXFileReference; lastKnownFileType = folder.assetcatalog; path = "Preview Assets.xcassets"; sourceTree = "<group>"; };
		1871A36828D9532B00543C06 /* TransactionModel.swift */ = {isa = PBXFileReference; lastKnownFileType = sourcecode.swift; path = TransactionModel.swift; sourceTree = "<group>"; };
		1871A36A28D953E300543C06 /* TransactionPreviewData.swift */ = {isa = PBXFileReference; lastKnownFileType = sourcecode.swift; path = TransactionPreviewData.swift; sourceTree = "<group>"; };
		1871A36E28D9546800543C06 /* TransactionRow.swift */ = {isa = PBXFileReference; lastKnownFileType = sourcecode.swift; path = TransactionRow.swift; sourceTree = "<group>"; };
		1871A37028D9565C00543C06 /* Extensions.swift */ = {isa = PBXFileReference; lastKnownFileType = sourcecode.swift; path = Extensions.swift; sourceTree = "<group>"; };
		1882F69128D992680057A26A /* TransactionViewModel.swift */ = {isa = PBXFileReference; lastKnownFileType = sourcecode.swift; path = TransactionViewModel.swift; sourceTree = "<group>"; };
		1882F69328D998AD0057A26A /* bar.swift */ = {isa = PBXFileReference; lastKnownFileType = sourcecode.swift; path = bar.swift; sourceTree = "<group>"; };
		1882F69528D9ED540057A26A /* TransactionList.swift */ = {isa = PBXFileReference; lastKnownFileType = sourcecode.swift; path = TransactionList.swift; sourceTree = "<group>"; };
		1882F69A28DA00990057A26A /* BarChartView.swift */ = {isa = PBXFileReference; lastKnownFileType = sourcecode.swift; path = BarChartView.swift; sourceTree = "<group>"; };
		1887D66128DB5926001E5E5A /* TransactionDetailRow.swift */ = {isa = PBXFileReference; lastKnownFileType = sourcecode.swift; path = TransactionDetailRow.swift; sourceTree = "<group>"; };
		1887D66328DB5A90001E5E5A /* TransactionView.swift */ = {isa = PBXFileReference; lastKnownFileType = sourcecode.swift; path = TransactionView.swift; sourceTree = "<group>"; };
/* End PBXFileReference section */

/* Begin PBXFrameworksBuildPhase section */
		1871A35428D94CBD00543C06 /* Frameworks */ = {
			isa = PBXFrameworksBuildPhase;
			buildActionMask = 2147483647;
			files = (
				1882F69928D9F2840057A26A /* Collections in Frameworks */,
				1871A37428D95A3400543C06 /* SwiftUIFontIcon in Frameworks */,
				1871A37728D960E300543C06 /* SwiftUICharts in Frameworks */,
			);
			runOnlyForDeploymentPostprocessing = 0;
		};
/* End PBXFrameworksBuildPhase section */

/* Begin PBXGroup section */
		1871A34E28D94CBD00543C06 = {
			isa = PBXGroup;
			children = (
				1871A35928D94CBD00543C06 /* ExpenseeTrackingApp */,
				1871A35828D94CBD00543C06 /* Products */,
			);
			sourceTree = "<group>";
		};
		1871A35828D94CBD00543C06 /* Products */ = {
			isa = PBXGroup;
			children = (
				1871A35728D94CBD00543C06 /* ExpenseeTrackingApp.app */,
			);
			name = Products;
			sourceTree = "<group>";
		};
		1871A35928D94CBD00543C06 /* ExpenseeTrackingApp */ = {
			isa = PBXGroup;
			children = (
				1871A35A28D94CBD00543C06 /* ExpenseeTrackingAppApp.swift */,
				1871A35C28D94CBD00543C06 /* ContentView.swift */,
				1882F69A28DA00990057A26A /* BarChartView.swift */,
				1882F69528D9ED540057A26A /* TransactionList.swift */,
				1882F69328D998AD0057A26A /* bar.swift */,
				1871A36E28D9546800543C06 /* TransactionRow.swift */,
				1887D66128DB5926001E5E5A /* TransactionDetailRow.swift */,
				1887D66328DB5A90001E5E5A /* TransactionView.swift */,
				1871A36828D9532B00543C06 /* TransactionModel.swift */,
				1882F69128D992680057A26A /* TransactionViewModel.swift */,
				1871A37028D9565C00543C06 /* Extensions.swift */,
				1871A35E28D94CC200543C06 /* Assets.xcassets */,
				1871A36028D94CC200543C06 /* Preview Content */,
			);
			path = ExpenseeTrackingApp;
			sourceTree = "<group>";
		};
		1871A36028D94CC200543C06 /* Preview Content */ = {
			isa = PBXGroup;
			children = (
				1871A36128D94CC200543C06 /* Preview Assets.xcassets */,
				1871A36A28D953E300543C06 /* TransactionPreviewData.swift */,
			);
			path = "Preview Content";
			sourceTree = "<group>";
		};
/* End PBXGroup section */

/* Begin PBXNativeTarget section */
		1871A35628D94CBD00543C06 /* ExpenseeTrackingApp */ = {
			isa = PBXNativeTarget;
			buildConfigurationList = 1871A36528D94CC200543C06 /* Build configuration list for PBXNativeTarget "ExpenseeTrackingApp" */;
			buildPhases = (
				1871A35328D94CBD00543C06 /* Sources */,
				1871A35428D94CBD00543C06 /* Frameworks */,
				1871A35528D94CBD00543C06 /* Resources */,
			);
			buildRules = (
			);
			dependencies = (
			);
			name = ExpenseeTrackingApp;
			packageProductDependencies = (
				1871A37328D95A3400543C06 /* SwiftUIFontIcon */,
				1871A37628D960E300543C06 /* SwiftUICharts */,
				1882F69828D9F2840057A26A /* Collections */,
			);
			productName = ExpenseeTrackingApp;
			productReference = 1871A35728D94CBD00543C06 /* ExpenseeTrackingApp.app */;
			productType = "com.apple.product-type.application";
		};
/* End PBXNativeTarget section */

/* Begin PBXProject section */
		1871A34F28D94CBD00543C06 /* Project object */ = {
			isa = PBXProject;
			attributes = {
				BuildIndependentTargetsInParallel = 1;
				LastSwiftUpdateCheck = 1400;
				LastUpgradeCheck = 1400;
				TargetAttributes = {
					1871A35628D94CBD00543C06 = {
						CreatedOnToolsVersion = 14.0;
					};
				};
			};
			buildConfigurationList = 1871A35228D94CBD00543C06 /* Build configuration list for PBXProject "ExpenseeTrackingApp" */;
			compatibilityVersion = "Xcode 14.0";
			developmentRegion = en;
			hasScannedForEncodings = 0;
			knownRegions = (
				en,
				Base,
			);
			mainGroup = 1871A34E28D94CBD00543C06;
			packageReferences = (
				1871A37228D95A3400543C06 /* XCRemoteSwiftPackageReference "SwiftUIFontIcon" */,
				1871A37528D960E300543C06 /* XCRemoteSwiftPackageReference "ChartView" */,
				1882F69728D9F2840057A26A /* XCRemoteSwiftPackageReference "swift-collections" */,
			);
			productRefGroup = 1871A35828D94CBD00543C06 /* Products */;
			projectDirPath = "";
			projectRoot = "";
			targets = (
				1871A35628D94CBD00543C06 /* ExpenseeTrackingApp */,
			);
		};
/* End PBXProject section */

/* Begin PBXResourcesBuildPhase section */
		1871A35528D94CBD00543C06 /* Resources */ = {
			isa = PBXResourcesBuildPhase;
			buildActionMask = 2147483647;
			files = (
				1871A36228D94CC200543C06 /* Preview Assets.xcassets in Resources */,
				1871A35F28D94CC200543C06 /* Assets.xcassets in Resources */,
			);
			runOnlyForDeploymentPostprocessing = 0;
		};
/* End PBXResourcesBuildPhase section */

/* Begin PBXSourcesBuildPhase section */
		1871A35328D94CBD00543C06 /* Sources */ = {
			isa = PBXSourcesBuildPhase;
			buildActionMask = 2147483647;
			files = (
				1871A36F28D9546800543C06 /* TransactionRow.swift in Sources */,
				1882F69628D9ED540057A26A /* TransactionList.swift in Sources */,
				1882F69428D998AD0057A26A /* bar.swift in Sources */,
				1871A37128D9565C00543C06 /* Extensions.swift in Sources */,
				1871A36928D9532B00543C06 /* TransactionModel.swift in Sources */,
				1887D66428DB5A90001E5E5A /* TransactionView.swift in Sources */,
				1887D66228DB5926001E5E5A /* TransactionDetailRow.swift in Sources */,
				1871A36B28D953E300543C06 /* TransactionPreviewData.swift in Sources */,
				1871A35D28D94CBD00543C06 /* ContentView.swift in Sources */,
				1882F69B28DA00990057A26A /* BarChartView.swift in Sources */,
				1871A35B28D94CBD00543C06 /* ExpenseeTrackingAppApp.swift in Sources */,
				1882F69228D992680057A26A /* TransactionViewModel.swift in Sources */,
			);
			runOnlyForDeploymentPostprocessing = 0;
		};
/* End PBXSourcesBuildPhase section */

/* Begin XCBuildConfiguration section */
		1871A36328D94CC200543C06 /* Debug */ = {
			isa = XCBuildConfiguration;
			buildSettings = {
				ALWAYS_SEARCH_USER_PATHS = NO;
				CLANG_ANALYZER_NONNULL = YES;
				CLANG_ANALYZER_NUMBER_OBJECT_CONVERSION = YES_AGGRESSIVE;
				CLANG_CXX_LANGUAGE_STANDARD = "gnu++20";
				CLANG_ENABLE_MODULES = YES;
				CLANG_ENABLE_OBJC_ARC = YES;
				CLANG_ENABLE_OBJC_WEAK = YES;
				CLANG_WARN_BLOCK_CAPTURE_AUTORELEASING = YES;
				CLANG_WARN_BOOL_CONVERSION = YES;
				CLANG_WARN_COMMA = YES;
				CLANG_WARN_CONSTANT_CONVERSION = YES;
				CLANG_WARN_DEPRECATED_OBJC_IMPLEMENTATIONS = YES;
				CLANG_WARN_DIRECT_OBJC_ISA_USAGE = YES_ERROR;
				CLANG_WARN_DOCUMENTATION_COMMENTS = YES;
				CLANG_WARN_EMPTY_BODY = YES;
				CLANG_WARN_ENUM_CONVERSION = YES;
				CLANG_WARN_INFINITE_RECURSION = YES;
				CLANG_WARN_INT_CONVERSION = YES;
				CLANG_WARN_NON_LITERAL_NULL_CONVERSION = YES;
				CLANG_WARN_OBJC_IMPLICIT_RETAIN_SELF = YES;
				CLANG_WARN_OBJC_LITERAL_CONVERSION = YES;
				CLANG_WARN_OBJC_ROOT_CLASS = YES_ERROR;
				CLANG_WARN_QUOTED_INCLUDE_IN_FRAMEWORK_HEADER = YES;
				CLANG_WARN_RANGE_LOOP_ANALYSIS = YES;
				CLANG_WARN_STRICT_PROTOTYPES = YES;
				CLANG_WARN_SUSPICIOUS_MOVE = YES;
				CLANG_WARN_UNGUARDED_AVAILABILITY = YES_AGGRESSIVE;
				CLANG_WARN_UNREACHABLE_CODE = YES;
				CLANG_WARN__DUPLICATE_METHOD_MATCH = YES;
				COPY_PHASE_STRIP = NO;
				DEBUG_INFORMATION_FORMAT = dwarf;
				ENABLE_STRICT_OBJC_MSGSEND = YES;
				ENABLE_TESTABILITY = YES;
				GCC_C_LANGUAGE_STANDARD = gnu11;
				GCC_DYNAMIC_NO_PIC = NO;
				GCC_NO_COMMON_BLOCKS = YES;
				GCC_OPTIMIZATION_LEVEL = 0;
				GCC_PREPROCESSOR_DEFINITIONS = (
					"DEBUG=1",
					"$(inherited)",
				);
				GCC_WARN_64_TO_32_BIT_CONVERSION = YES;
				GCC_WARN_ABOUT_RETURN_TYPE = YES_ERROR;
				GCC_WARN_UNDECLARED_SELECTOR = YES;
				GCC_WARN_UNINITIALIZED_AUTOS = YES_AGGRESSIVE;
				GCC_WARN_UNUSED_FUNCTION = YES;
				GCC_WARN_UNUSED_VARIABLE = YES;
				IPHONEOS_DEPLOYMENT_TARGET = 16.0;
				MTL_ENABLE_DEBUG_INFO = INCLUDE_SOURCE;
				MTL_FAST_MATH = YES;
				ONLY_ACTIVE_ARCH = YES;
				SDKROOT = iphoneos;
				SWIFT_ACTIVE_COMPILATION_CONDITIONS = DEBUG;
				SWIFT_OPTIMIZATION_LEVEL = "-Onone";
			};
			name = Debug;
		};
		1871A36428D94CC200543C06 /* Release */ = {
			isa = XCBuildConfiguration;
			buildSettings = {
				ALWAYS_SEARCH_USER_PATHS = NO;
				CLANG_ANALYZER_NONNULL = YES;
				CLANG_ANALYZER_NUMBER_OBJECT_CONVERSION = YES_AGGRESSIVE;
				CLANG_CXX_LANGUAGE_STANDARD = "gnu++20";
				CLANG_ENABLE_MODULES = YES;
				CLANG_ENABLE_OBJC_ARC = YES;
				CLANG_ENABLE_OBJC_WEAK = YES;
				CLANG_WARN_BLOCK_CAPTURE_AUTORELEASING = YES;
				CLANG_WARN_BOOL_CONVERSION = YES;
				CLANG_WARN_COMMA = YES;
				CLANG_WARN_CONSTANT_CONVERSION = YES;
				CLANG_WARN_DEPRECATED_OBJC_IMPLEMENTATIONS = YES;
				CLANG_WARN_DIRECT_OBJC_ISA_USAGE = YES_ERROR;
				CLANG_WARN_DOCUMENTATION_COMMENTS = YES;
				CLANG_WARN_EMPTY_BODY = YES;
				CLANG_WARN_ENUM_CONVERSION = YES;
				CLANG_WARN_INFINITE_RECURSION = YES;
				CLANG_WARN_INT_CONVERSION = YES;
				CLANG_WARN_NON_LITERAL_NULL_CONVERSION = YES;
				CLANG_WARN_OBJC_IMPLICIT_RETAIN_SELF = YES;
				CLANG_WARN_OBJC_LITERAL_CONVERSION = YES;
				CLANG_WARN_OBJC_ROOT_CLASS = YES_ERROR;
				CLANG_WARN_QUOTED_INCLUDE_IN_FRAMEWORK_HEADER = YES;
				CLANG_WARN_RANGE_LOOP_ANALYSIS = YES;
				CLANG_WARN_STRICT_PROTOTYPES = YES;
				CLANG_WARN_SUSPICIOUS_MOVE = YES;
				CLANG_WARN_UNGUARDED_AVAILABILITY = YES_AGGRESSIVE;
				CLANG_WARN_UNREACHABLE_CODE = YES;
				CLANG_WARN__DUPLICATE_METHOD_MATCH = YES;
				COPY_PHASE_STRIP = NO;
				DEBUG_INFORMATION_FORMAT = "dwarf-with-dsym";
				ENABLE_NS_ASSERTIONS = NO;
				ENABLE_STRICT_OBJC_MSGSEND = YES;
				GCC_C_LANGUAGE_STANDARD = gnu11;
				GCC_NO_COMMON_BLOCKS = YES;
				GCC_WARN_64_TO_32_BIT_CONVERSION = YES;
				GCC_WARN_ABOUT_RETURN_TYPE = YES_ERROR;
				GCC_WARN_UNDECLARED_SELECTOR = YES;
				GCC_WARN_UNINITIALIZED_AUTOS = YES_AGGRESSIVE;
				GCC_WARN_UNUSED_FUNCTION = YES;
				GCC_WARN_UNUSED_VARIABLE = YES;
				IPHONEOS_DEPLOYMENT_TARGET = 16.0;
				MTL_ENABLE_DEBUG_INFO = NO;
				MTL_FAST_MATH = YES;
				SDKROOT = iphoneos;
				SWIFT_COMPILATION_MODE = wholemodule;
				SWIFT_OPTIMIZATION_LEVEL = "-O";
				VALIDATE_PRODUCT = YES;
			};
			name = Release;
		};
		1871A36628D94CC200543C06 /* Debug */ = {
			isa = XCBuildConfiguration;
			buildSettings = {
				ASSETCATALOG_COMPILER_APPICON_NAME = AppIcon;
				ASSETCATALOG_COMPILER_GLOBAL_ACCENT_COLOR_NAME = AccentColor;
				CODE_SIGN_STYLE = Automatic;
				CURRENT_PROJECT_VERSION = 1;
				DEVELOPMENT_ASSET_PATHS = "\"ExpenseeTrackingApp/Preview Content\"";
				ENABLE_PREVIEWS = YES;
				GENERATE_INFOPLIST_FILE = YES;
				INFOPLIST_KEY_UIApplicationSceneManifest_Generation = YES;
				INFOPLIST_KEY_UIApplicationSupportsIndirectInputEvents = YES;
				INFOPLIST_KEY_UILaunchScreen_Generation = YES;
				INFOPLIST_KEY_UISupportedInterfaceOrientations_iPad = "UIInterfaceOrientationPortrait UIInterfaceOrientationPortraitUpsideDown UIInterfaceOrientationLandscapeLeft UIInterfaceOrientationLandscapeRight";
				INFOPLIST_KEY_UISupportedInterfaceOrientations_iPhone = "UIInterfaceOrientationPortrait UIInterfaceOrientationLandscapeLeft UIInterfaceOrientationLandscapeRight";
				LD_RUNPATH_SEARCH_PATHS = (
					"$(inherited)",
					"@executable_path/Frameworks",
				);
				MARKETING_VERSION = 1.0;
				PRODUCT_BUNDLE_IDENTIFIER = Bigjerm.ExpenseeTrackingApp;
				PRODUCT_NAME = "$(TARGET_NAME)";
				SWIFT_EMIT_LOC_STRINGS = YES;
				SWIFT_VERSION = 5.0;
				TARGETED_DEVICE_FAMILY = "1,2";
			};
			name = Debug;
		};
		1871A36728D94CC200543C06 /* Release */ = {
			isa = XCBuildConfiguration;
			buildSettings = {
				ASSETCATALOG_COMPILER_APPICON_NAME = AppIcon;
				ASSETCATALOG_COMPILER_GLOBAL_ACCENT_COLOR_NAME = AccentColor;
				CODE_SIGN_STYLE = Automatic;
				CURRENT_PROJECT_VERSION = 1;
				DEVELOPMENT_ASSET_PATHS = "\"ExpenseeTrackingApp/Preview Content\"";
				ENABLE_PREVIEWS = YES;
				GENERATE_INFOPLIST_FILE = YES;
				INFOPLIST_KEY_UIApplicationSceneManifest_Generation = YES;
				INFOPLIST_KEY_UIApplicationSupportsIndirectInputEvents = YES;
				INFOPLIST_KEY_UILaunchScreen_Generation = YES;
				INFOPLIST_KEY_UISupportedInterfaceOrientations_iPad = "UIInterfaceOrientationPortrait UIInterfaceOrientationPortraitUpsideDown UIInterfaceOrientationLandscapeLeft UIInterfaceOrientationLandscapeRight";
				INFOPLIST_KEY_UISupportedInterfaceOrientations_iPhone = "UIInterfaceOrientationPortrait UIInterfaceOrientationLandscapeLeft UIInterfaceOrientationLandscapeRight";
				LD_RUNPATH_SEARCH_PATHS = (
					"$(inherited)",
					"@executable_path/Frameworks",
				);
				MARKETING_VERSION = 1.0;
				PRODUCT_BUNDLE_IDENTIFIER = Bigjerm.ExpenseeTrackingApp;
				PRODUCT_NAME = "$(TARGET_NAME)";
				SWIFT_EMIT_LOC_STRINGS = YES;
				SWIFT_VERSION = 5.0;
				TARGETED_DEVICE_FAMILY = "1,2";
			};
			name = Release;
		};
/* End XCBuildConfiguration section */

/* Begin XCConfigurationList section */
		1871A35228D94CBD00543C06 /* Build configuration list for PBXProject "ExpenseeTrackingApp" */ = {
			isa = XCConfigurationList;
			buildConfigurations = (
				1871A36328D94CC200543C06 /* Debug */,
				1871A36428D94CC200543C06 /* Release */,
			);
			defaultConfigurationIsVisible = 0;
			defaultConfigurationName = Release;
		};
		1871A36528D94CC200543C06 /* Build configuration list for PBXNativeTarget "ExpenseeTrackingApp" */ = {
			isa = XCConfigurationList;
			buildConfigurations = (
				1871A36628D94CC200543C06 /* Debug */,
				1871A36728D94CC200543C06 /* Release */,
			);
			defaultConfigurationIsVisible = 0;
			defaultConfigurationName = Release;
		};
/* End XCConfigurationList section */

/* Begin XCRemoteSwiftPackageReference section */
		1871A37228D95A3400543C06 /* XCRemoteSwiftPackageReference "SwiftUIFontIcon" */ = {
			isa = XCRemoteSwiftPackageReference;
			repositoryURL = "https://github.com/huybuidac/SwiftUIFontIcon";
			requirement = {
				kind = upToNextMajorVersion;
				minimumVersion = 2.0.0;
			};
		};
		1871A37528D960E300543C06 /* XCRemoteSwiftPackageReference "ChartView" */ = {
			isa = XCRemoteSwiftPackageReference;
			repositoryURL = "https://github.com/AppPear/ChartView.git";
			requirement = {
				kind = exactVersion;
				version = "2.0.0-beta.2";
			};
		};
		1882F69728D9F2840057A26A /* XCRemoteSwiftPackageReference "swift-collections" */ = {
			isa = XCRemoteSwiftPackageReference;
			repositoryURL = "https://github.com/apple/swift-collections.git";
			requirement = {
				kind = upToNextMajorVersion;
				minimumVersion = 1.0.0;
			};
		};
/* End XCRemoteSwiftPackageReference section */

/* Begin XCSwiftPackageProductDependency section */
		1871A37328D95A3400543C06 /* SwiftUIFontIcon */ = {
			isa = XCSwiftPackageProductDependency;
			package = 1871A37228D95A3400543C06 /* XCRemoteSwiftPackageReference "SwiftUIFontIcon" */;
			productName = SwiftUIFontIcon;
		};
		1871A37628D960E300543C06 /* SwiftUICharts */ = {
			isa = XCSwiftPackageProductDependency;
			package = 1871A37528D960E300543C06 /* XCRemoteSwiftPackageReference "ChartView" */;
			productName = SwiftUICharts;
		};
		1882F69828D9F2840057A26A /* Collections */ = {
			isa = XCSwiftPackageProductDependency;
			package = 1882F69728D9F2840057A26A /* XCRemoteSwiftPackageReference "swift-collections" */;
			productName = Collections;
		};
/* End XCSwiftPackageProductDependency section */
	};
	rootObject = 1871A34F28D94CBD00543C06 /* Project object */;
}
